{
  "name": "frontend",
  "lockfileVersion": 3,
  "requires": true,
  "packages": {
    "": {
      "dependencies": {
        "country-flag-icons": "^1.6.15"
      }
    },
    "node_modules/country-flag-icons": {
      "version": "1.6.15",
      "resolved": "https://registry.npmjs.org/country-flag-icons/-/country-flag-icons-1.6.15.tgz",
      "integrity": "sha512-92HoA8l6DluEidku8tKBftjuFRj4Rv3zDW1lXxCuNnqAxhUSkvso9gM/Afj4F5BnK+wneHIe3ydI+s+4NA29/Q==",
      "license": "MIT"
    }
  }
}
